
Microsoft Visual Studio Solution File, Format Version 12.00
# Visual Studio 15
VisualStudioVersion = 15.0.27703.2035
MinimumVisualStudioVersion = 10.0.40219.1
Project("{2150E333-8FDC-42A3-9474-1A3956D46DE8}") = "Solution Items", "Solution Items", "{ACB74B9C-7E66-41DF-A37A-96C17C102D37}"
	ProjectSection(SolutionItems) = preProject
		.gitignore = .gitignore
	EndProjectSection
EndProject
Project("{FAE04EC0-301F-11D3-BF4B-00C04F79EFBC}") = "ProcessMyMedia", "ProcessMyMedia\ProcessMyMedia.csproj", "{45E2E13A-F421-49DC-9535-82E1A8C6E4BC}"
EndProject
Project("{9A19103F-16F7-4668-BE54-9A1E7A4F7556}") = "ProcessMyMedia.Samples", "ProcessMyMedia.Samples\ProcessMyMedia.Samples.csproj", "{5ADBB810-3750-4E3A-B5CC-144574C84792}"
EndProject
Global
	GlobalSection(SolutionConfigurationPlatforms) = preSolution
		Debug|Any CPU = Debug|Any CPU
		Release|Any CPU = Release|Any CPU
	EndGlobalSection
	GlobalSection(ProjectConfigurationPlatforms) = postSolution
		{45E2E13A-F421-49DC-9535-82E1A8C6E4BC}.Debug|Any CPU.ActiveCfg = Debug|Any CPU
		{45E2E13A-F421-49DC-9535-82E1A8C6E4BC}.Debug|Any CPU.Build.0 = Debug|Any CPU
		{45E2E13A-F421-49DC-9535-82E1A8C6E4BC}.Release|Any CPU.ActiveCfg = Release|Any CPU
		{45E2E13A-F421-49DC-9535-82E1A8C6E4BC}.Release|Any CPU.Build.0 = Release|Any CPU
		{5ADBB810-3750-4E3A-B5CC-144574C84792}.Debug|Any CPU.ActiveCfg = Debug|Any CPU
		{5ADBB810-3750-4E3A-B5CC-144574C84792}.Debug|Any CPU.Build.0 = Debug|Any CPU
		{5ADBB810-3750-4E3A-B5CC-144574C84792}.Release|Any CPU.ActiveCfg = Release|Any CPU
		{5ADBB810-3750-4E3A-B5CC-144574C84792}.Release|Any CPU.Build.0 = Release|Any CPU
	EndGlobalSection
	GlobalSection(SolutionProperties) = preSolution
		HideSolutionNode = FALSE
	EndGlobalSection
	GlobalSection(ExtensibilityGlobals) = postSolution
		SolutionGuid = {5B53D670-526E-46B3-83D4-17D21CD6ABCA}
	EndGlobalSection
EndGlobal
